
Microsoft Visual Studio Solution File, Format Version 12.00
# Visual Studio 15
VisualStudioVersion = 15.0.26124.0
MinimumVisualStudioVersion = 15.0.26124.0
Project("{2150E333-8FDC-42A3-9474-1A3956D46DE8}") = "src", "src", "{C9078A90-C445-4DE5-8CD5-D254AA931A63}"
EndProject
Project("{FAE04EC0-301F-11D3-BF4B-00C04F79EFBC}") = "Habbes.Organ.Host", "src\Habbes.Organ.Host\Habbes.Organ.Host.csproj", "{5ECBAA26-E93D-420D-AD00-19FEE95B94A8}"
EndProject
Project("{FAE04EC0-301F-11D3-BF4B-00C04F79EFBC}") = "Habbes.Organ.Common", "src\Habbes.Organ.Common\Habbes.Organ.Common.csproj", "{D908B529-00BC-479A-A17D-698FCF2F4F53}"
EndProject
Project("{FAE04EC0-301F-11D3-BF4B-00C04F79EFBC}") = "Habbes.Organ.Directory", "src\Habbes.Organ.Directory\Habbes.Organ.Directory.csproj", "{812FD337-DAF1-4904-B858-E033F3FA5E73}"
EndProject
Global
	GlobalSection(SolutionConfigurationPlatforms) = preSolution
		Debug|Any CPU = Debug|Any CPU
		Debug|x64 = Debug|x64
		Debug|x86 = Debug|x86
		Release|Any CPU = Release|Any CPU
		Release|x64 = Release|x64
		Release|x86 = Release|x86
	EndGlobalSection
	GlobalSection(SolutionProperties) = preSolution
		HideSolutionNode = FALSE
	EndGlobalSection
	GlobalSection(ProjectConfigurationPlatforms) = postSolution
		{5ECBAA26-E93D-420D-AD00-19FEE95B94A8}.Debug|Any CPU.ActiveCfg = Debug|Any CPU
		{5ECBAA26-E93D-420D-AD00-19FEE95B94A8}.Debug|Any CPU.Build.0 = Debug|Any CPU
		{5ECBAA26-E93D-420D-AD00-19FEE95B94A8}.Debug|x64.ActiveCfg = Debug|Any CPU
		{5ECBAA26-E93D-420D-AD00-19FEE95B94A8}.Debug|x64.Build.0 = Debug|Any CPU
		{5ECBAA26-E93D-420D-AD00-19FEE95B94A8}.Debug|x86.ActiveCfg = Debug|Any CPU
		{5ECBAA26-E93D-420D-AD00-19FEE95B94A8}.Debug|x86.Build.0 = Debug|Any CPU
		{5ECBAA26-E93D-420D-AD00-19FEE95B94A8}.Release|Any CPU.ActiveCfg = Release|Any CPU
		{5ECBAA26-E93D-420D-AD00-19FEE95B94A8}.Release|Any CPU.Build.0 = Release|Any CPU
		{5ECBAA26-E93D-420D-AD00-19FEE95B94A8}.Release|x64.ActiveCfg = Release|Any CPU
		{5ECBAA26-E93D-420D-AD00-19FEE95B94A8}.Release|x64.Build.0 = Release|Any CPU
		{5ECBAA26-E93D-420D-AD00-19FEE95B94A8}.Release|x86.ActiveCfg = Release|Any CPU
		{5ECBAA26-E93D-420D-AD00-19FEE95B94A8}.Release|x86.Build.0 = Release|Any CPU
		{D908B529-00BC-479A-A17D-698FCF2F4F53}.Debug|Any CPU.ActiveCfg = Debug|Any CPU
		{D908B529-00BC-479A-A17D-698FCF2F4F53}.Debug|Any CPU.Build.0 = Debug|Any CPU
		{D908B529-00BC-479A-A17D-698FCF2F4F53}.Debug|x64.ActiveCfg = Debug|Any CPU
		{D908B529-00BC-479A-A17D-698FCF2F4F53}.Debug|x64.Build.0 = Debug|Any CPU
		{D908B529-00BC-479A-A17D-698FCF2F4F53}.Debug|x86.ActiveCfg = Debug|Any CPU
		{D908B529-00BC-479A-A17D-698FCF2F4F53}.Debug|x86.Build.0 = Debug|Any CPU
		{D908B529-00BC-479A-A17D-698FCF2F4F53}.Release|Any CPU.ActiveCfg = Release|Any CPU
		{D908B529-00BC-479A-A17D-698FCF2F4F53}.Release|Any CPU.Build.0 = Release|Any CPU
		{D908B529-00BC-479A-A17D-698FCF2F4F53}.Release|x64.ActiveCfg = Release|Any CPU
		{D908B529-00BC-479A-A17D-698FCF2F4F53}.Release|x64.Build.0 = Release|Any CPU
		{D908B529-00BC-479A-A17D-698FCF2F4F53}.Release|x86.ActiveCfg = Release|Any CPU
		{D908B529-00BC-479A-A17D-698FCF2F4F53}.Release|x86.Build.0 = Release|Any CPU
		{812FD337-DAF1-4904-B858-E033F3FA5E73}.Debug|Any CPU.ActiveCfg = Debug|Any CPU
		{812FD337-DAF1-4904-B858-E033F3FA5E73}.Debug|Any CPU.Build.0 = Debug|Any CPU
		{812FD337-DAF1-4904-B858-E033F3FA5E73}.Debug|x64.ActiveCfg = Debug|Any CPU
		{812FD337-DAF1-4904-B858-E033F3FA5E73}.Debug|x64.Build.0 = Debug|Any CPU
		{812FD337-DAF1-4904-B858-E033F3FA5E73}.Debug|x86.ActiveCfg = Debug|Any CPU
		{812FD337-DAF1-4904-B858-E033F3FA5E73}.Debug|x86.Build.0 = Debug|Any CPU
		{812FD337-DAF1-4904-B858-E033F3FA5E73}.Release|Any CPU.ActiveCfg = Release|Any CPU
		{812FD337-DAF1-4904-B858-E033F3FA5E73}.Release|Any CPU.Build.0 = Release|Any CPU
		{812FD337-DAF1-4904-B858-E033F3FA5E73}.Release|x64.ActiveCfg = Release|Any CPU
		{812FD337-DAF1-4904-B858-E033F3FA5E73}.Release|x64.Build.0 = Release|Any CPU
		{812FD337-DAF1-4904-B858-E033F3FA5E73}.Release|x86.ActiveCfg = Release|Any CPU
		{812FD337-DAF1-4904-B858-E033F3FA5E73}.Release|x86.Build.0 = Release|Any CPU
	EndGlobalSection
	GlobalSection(NestedProjects) = preSolution
		{5ECBAA26-E93D-420D-AD00-19FEE95B94A8} = {C9078A90-C445-4DE5-8CD5-D254AA931A63}
		{D908B529-00BC-479A-A17D-698FCF2F4F53} = {C9078A90-C445-4DE5-8CD5-D254AA931A63}
		{812FD337-DAF1-4904-B858-E033F3FA5E73} = {C9078A90-C445-4DE5-8CD5-D254AA931A63}
	EndGlobalSection
EndGlobal
